{
  "version": 4,
  "terraform_version": "1.8.4",
  "serial": 16,
  "lineage": "e87a337c-a885-3258-1717-318f6f1edf6a",
  "outputs": {
    "backend_public_ip": {
      "value": "3.90.254.241",
      "type": "string"
    },
    "flask_backend_public_ip": {
      "value": "3.90.254.241",
      "type": "string"
    },
    "frontend_url": {
      "value": "react-frontend-bucket-cd3c2ef7b3cfd96c.s3-website-us-east-1.amazonaws.com",
      "type": "string"
    },
    "s3_bucket_website_url": {
      "value": "react-frontend-bucket-cd3c2ef7b3cfd96c.s3-website-us-east-1.amazonaws.com",
      "type": "string"
    }
  },
  "resources": [
    {
      "mode": "managed",
      "type": "aws_instance",
      "name": "flask_backend",
      "provider": "provider[\"registry.terraform.io/hashicorp/aws\"]",
      "instances": [
        {
          "schema_version": 1,
          "attributes": {
            "ami": "ami-08c40ec9ead489470",
            "arn": "arn:aws:ec2:us-east-1:484907491940:instance/i-0447bc3fb84472198",
            "associate_public_ip_address": true,
            "availability_zone": "us-east-1c",
            "capacity_reservation_specification": [
              {
                "capacity_reservation_preference": "open",
                "capacity_reservation_target": []
              }
            ],
            "cpu_core_count": 1,
            "cpu_options": [
              {
                "amd_sev_snp": "",
                "core_count": 1,
                "threads_per_core": 1
              }
            ],
            "cpu_threads_per_core": 1,
            "credit_specification": [
              {
                "cpu_credits": "standard"
              }
            ],
            "disable_api_stop": false,
            "disable_api_termination": false,
            "ebs_block_device": [],
            "ebs_optimized": false,
            "enable_primary_ipv6": null,
            "enclave_options": [
              {
                "enabled": false
              }
            ],
            "ephemeral_block_device": [],
            "get_password_data": false,
            "hibernation": false,
            "host_id": "",
            "host_resource_group_arn": null,
            "iam_instance_profile": "",
            "id": "i-0447bc3fb84472198",
            "instance_initiated_shutdown_behavior": "stop",
            "instance_lifecycle": "",
            "instance_market_options": [],
            "instance_state": "running",
            "instance_type": "t2.micro",
            "ipv6_address_count": 0,
            "ipv6_addresses": [],
            "key_name": "flask-deployment-key",
            "launch_template": [],
            "maintenance_options": [
              {
                "auto_recovery": "default"
              }
            ],
            "metadata_options": [
              {
                "http_endpoint": "enabled",
                "http_protocol_ipv6": "disabled",
                "http_put_response_hop_limit": 1,
                "http_tokens": "optional",
                "instance_metadata_tags": "disabled"
              }
            ],
            "monitoring": false,
            "network_interface": [],
            "outpost_arn": "",
            "password_data": "",
            "placement_group": "",
            "placement_partition_number": 0,
            "primary_network_interface_id": "eni-057cf979c49552e1e",
            "private_dns": "ip-172-31-32-26.ec2.internal",
            "private_dns_name_options": [
              {
                "enable_resource_name_dns_a_record": false,
                "enable_resource_name_dns_aaaa_record": false,
                "hostname_type": "ip-name"
              }
            ],
            "private_ip": "172.31.32.26",
            "public_dns": "ec2-3-90-254-241.compute-1.amazonaws.com",
            "public_ip": "3.90.254.241",
            "root_block_device": [
              {
                "delete_on_termination": true,
                "device_name": "/dev/sda1",
                "encrypted": false,
                "iops": 100,
                "kms_key_id": "",
                "tags": {},
                "tags_all": {},
                "throughput": 0,
                "volume_id": "vol-06c68039f77dac4d2",
                "volume_size": 8,
                "volume_type": "gp2"
              }
            ],
            "secondary_private_ips": [],
            "security_groups": [
              "flask-backend-sg"
            ],
            "source_dest_check": true,
            "spot_instance_request_id": "",
            "subnet_id": "subnet-04abafc4c511b3df9",
            "tags": {
              "Name": "FlaskBackendServer"
            },
            "tags_all": {
              "Name": "FlaskBackendServer"
            },
            "tenancy": "default",
            "timeouts": null,
            "user_data": "512df1fd04bbe9ae315f7fd544a28dd2752b2aae",
            "user_data_base64": null,
            "user_data_replace_on_change": false,
            "volume_tags": null,
            "vpc_security_group_ids": [
              "sg-03cf2522e36c60b2a"
            ]
          },
          "sensitive_attributes": [],
          "private": "eyJlMmJmYjczMC1lY2FhLTExZTYtOGY4OC0zNDM2M2JjN2M0YzAiOnsiY3JlYXRlIjo2MDAwMDAwMDAwMDAsImRlbGV0ZSI6MTIwMDAwMDAwMDAwMCwicmVhZCI6OTAwMDAwMDAwMDAwLCJ1cGRhdGUiOjYwMDAwMDAwMDAwMH0sInNjaGVtYV92ZXJzaW9uIjoiMSJ9",
          "dependencies": [
            "aws_key_pair.deployment_key",
            "aws_security_group.flask_sg"
          ]
        }
      ]
    },
    {
      "mode": "managed",
      "type": "aws_key_pair",
      "name": "deployment_key",
      "provider": "provider[\"registry.terraform.io/hashicorp/aws\"]",
      "instances": [
        {
          "schema_version": 1,
          "attributes": {
            "arn": "arn:aws:ec2:us-east-1:484907491940:key-pair/flask-deployment-key",
            "fingerprint": "47:7d:04:50:61:23:cd:de:96:09:65:b3:0e:38:52:b7",
            "id": "flask-deployment-key",
            "key_name": "flask-deployment-key",
            "key_name_prefix": "",
            "key_pair_id": "key-064a5116a1de48755",
            "key_type": "rsa",
            "public_key": "ssh-rsa AAAAB3NzaC1yc2EAAAADAQABAAACAQCbY0nYBUFurM9O3KYgFRlYIuWUc9qGgViAXeUv/rxS4mPGfEyeonBY6GILc7PjTGNlgrQdVrMg/NgwUjKvsP43x2Ka9SgtjCXpR0nsPL34AVoy/UdpPpy0j7Fg7cri8f4ivrlZh3cf9NCUHTkSrV4p7hu3RrNtEwk/WhvGTPKpjRrDzOzYnWe0+WGut67j0z/DNfpoetk3ZQnh/oSi7BCH3QUAKGtKSdOpnwm2+EzC3GVlLPzub9ogUt5HlBh8NmJwgVDtscc2dmoWcdkN8mn8HT4o4QHZRa8M2fHHgXJKFnuxiCkYDU0nUOF7AEpI+mS9uLrQSePhNa20WyxHrcAtSktMWN5e/UrVf0CdpYl07Imx9aN+6m60tMpDW2TT5S95obvxlKsf0DqCMaD6yn2uqJfIcGOKkKz/W6oitay209fGKnCdeo50jbnlu2kVGh/xLHGZSN/5tYlCoyQ2xap9ot8HvCUVz3b/It9hWoBF6rWSnkP9dtvnEAF1U2/lNZlGFXZwnDlIk5VBc1SQwHCKt7WCjFs3ct68BdNefChOxym6kaNL7CmykmWospM3qsNRqLcfAqSsDSqzyfpZOi8MkCR8s3DLGvhV0Uot++XpWLU1A0zv1uQy0ATsQB+WizlEEvmgD9wiBDezyxTMuhQMtqnycXiXGXD8s17v3ZfOCw== jyzhang714@gmail.com",
            "tags": {},
            "tags_all": {}
          },
          "sensitive_attributes": [],
          "private": "eyJzY2hlbWFfdmVyc2lvbiI6IjEifQ=="
        }
      ]
    },
    {
      "mode": "managed",
      "type": "aws_s3_bucket",
      "name": "react_bucket",
      "provider": "provider[\"registry.terraform.io/hashicorp/aws\"]",
      "instances": [
        {
          "schema_version": 0,
          "attributes": {
            "acceleration_status": "",
            "acl": "public-read",
            "arn": "arn:aws:s3:::react-frontend-bucket-cd3c2ef7b3cfd96c",
            "bucket": "react-frontend-bucket-cd3c2ef7b3cfd96c",
            "bucket_domain_name": "react-frontend-bucket-cd3c2ef7b3cfd96c.s3.amazonaws.com",
            "bucket_prefix": "",
            "bucket_regional_domain_name": "react-frontend-bucket-cd3c2ef7b3cfd96c.s3.us-east-1.amazonaws.com",
            "cors_rule": [],
            "force_destroy": false,
            "grant": [
              {
                "id": "fbff525b03ea62c64e936f17fe66c7e9917d87e653221b533a33ac7e688b8072",
                "permissions": [
                  "FULL_CONTROL"
                ],
                "type": "CanonicalUser",
                "uri": ""
              }
            ],
            "hosted_zone_id": "Z3AQBSTGFYJSTF",
            "id": "react-frontend-bucket-cd3c2ef7b3cfd96c",
            "lifecycle_rule": [],
            "logging": [],
            "object_lock_configuration": [],
            "object_lock_enabled": false,
            "policy": "",
            "region": "us-east-1",
            "replication_configuration": [],
            "request_payer": "BucketOwner",
            "server_side_encryption_configuration": [
              {
                "rule": [
                  {
                    "apply_server_side_encryption_by_default": [
                      {
                        "kms_master_key_id": "",
                        "sse_algorithm": "AES256"
                      }
                    ],
                    "bucket_key_enabled": false
                  }
                ]
              }
            ],
            "tags": {
              "Name": "ReactFrontendBucket"
            },
            "tags_all": {
              "Name": "ReactFrontendBucket"
            },
            "timeouts": null,
            "versioning": [
              {
                "enabled": false,
                "mfa_delete": false
              }
            ],
            "website": [
              {
                "error_document": "index.html",
                "index_document": "index.html",
                "redirect_all_requests_to": "",
                "routing_rules": ""
              }
            ],
            "website_domain": "s3-website-us-east-1.amazonaws.com",
            "website_endpoint": "react-frontend-bucket-cd3c2ef7b3cfd96c.s3-website-us-east-1.amazonaws.com"
          },
          "sensitive_attributes": [],
          "private": "eyJlMmJmYjczMC1lY2FhLTExZTYtOGY4OC0zNDM2M2JjN2M0YzAiOnsiY3JlYXRlIjoxMjAwMDAwMDAwMDAwLCJkZWxldGUiOjM2MDAwMDAwMDAwMDAsInJlYWQiOjEyMDAwMDAwMDAwMDAsInVwZGF0ZSI6MTIwMDAwMDAwMDAwMH19",
          "dependencies": [
            "random_id.bucket_id"
          ]
        }
      ]
    },
    {
      "mode": "managed",
      "type": "aws_s3_bucket_policy",
      "name": "react_bucket_policy",
      "provider": "provider[\"registry.terraform.io/hashicorp/aws\"]",
      "instances": [
        {
          "schema_version": 0,
          "attributes": {
            "bucket": "react-frontend-bucket-cd3c2ef7b3cfd96c",
            "id": "react-frontend-bucket-cd3c2ef7b3cfd96c",
            "policy": "{\"Statement\":[{\"Action\":\"s3:GetObject\",\"Effect\":\"Allow\",\"Principal\":\"*\",\"Resource\":\"arn:aws:s3:::react-frontend-bucket-cd3c2ef7b3cfd96c/*\",\"Sid\":\"PublicReadGetObject\"}],\"Version\":\"2012-10-17\"}"
          },
          "sensitive_attributes": [],
          "private": "bnVsbA==",
          "dependencies": [
            "aws_s3_bucket.react_bucket",
            "random_id.bucket_id"
          ]
        }
      ]
    },
    {
      "mode": "managed",
      "type": "aws_s3_bucket_public_access_block",
      "name": "react_bucket_access_block",
      "provider": "provider[\"registry.terraform.io/hashicorp/aws\"]",
      "instances": [
        {
          "schema_version": 0,
          "attributes": {
            "block_public_acls": false,
            "block_public_policy": false,
            "bucket": "react-frontend-bucket-cd3c2ef7b3cfd96c",
            "id": "react-frontend-bucket-cd3c2ef7b3cfd96c",
            "ignore_public_acls": false,
            "restrict_public_buckets": false
          },
          "sensitive_attributes": [],
          "private": "bnVsbA==",
          "dependencies": [
            "aws_s3_bucket.react_bucket",
            "random_id.bucket_id"
          ]
        }
      ]
    },
    {
      "mode": "managed",
      "type": "aws_security_group",
      "name": "flask_sg",
      "provider": "provider[\"registry.terraform.io/hashicorp/aws\"]",
      "instances": [
        {
          "schema_version": 1,
          "attributes": {
            "arn": "arn:aws:ec2:us-east-1:484907491940:security-group/sg-03cf2522e36c60b2a",
            "description": "Allow HTTP and SSH access",
            "egress": [
              {
                "cidr_blocks": [
                  "0.0.0.0/0"
                ],
                "description": "",
                "from_port": 0,
                "ipv6_cidr_blocks": [],
                "prefix_list_ids": [],
                "protocol": "-1",
                "security_groups": [],
                "self": false,
                "to_port": 0
              }
            ],
            "id": "sg-03cf2522e36c60b2a",
            "ingress": [
              {
                "cidr_blocks": [
                  "0.0.0.0/0"
                ],
                "description": "",
                "from_port": 22,
                "ipv6_cidr_blocks": [],
                "prefix_list_ids": [],
                "protocol": "tcp",
                "security_groups": [],
                "self": false,
                "to_port": 22
              },
              {
                "cidr_blocks": [
                  "0.0.0.0/0"
                ],
                "description": "",
                "from_port": 80,
                "ipv6_cidr_blocks": [],
                "prefix_list_ids": [],
                "protocol": "tcp",
                "security_groups": [],
                "self": false,
                "to_port": 80
              }
            ],
            "name": "flask-backend-sg",
            "name_prefix": "",
            "owner_id": "484907491940",
            "revoke_rules_on_delete": false,
            "tags": {},
            "tags_all": {},
            "timeouts": null,
            "vpc_id": "vpc-0e354b5e5a5af0a47"
          },
          "sensitive_attributes": [],
          "private": "eyJlMmJmYjczMC1lY2FhLTExZTYtOGY4OC0zNDM2M2JjN2M0YzAiOnsiY3JlYXRlIjo2MDAwMDAwMDAwMDAsImRlbGV0ZSI6OTAwMDAwMDAwMDAwfSwic2NoZW1hX3ZlcnNpb24iOiIxIn0="
        }
      ]
    },
    {
      "mode": "managed",
      "type": "random_id",
      "name": "bucket_id",
      "provider": "provider[\"registry.terraform.io/hashicorp/random\"]",
      "instances": [
        {
          "schema_version": 0,
          "attributes": {
            "b64_std": "zTwu97PP2Ww=",
            "b64_url": "zTwu97PP2Ww",
            "byte_length": 8,
            "dec": "14788746917786409324",
            "hex": "cd3c2ef7b3cfd96c",
            "id": "zTwu97PP2Ww",
            "keepers": null,
            "prefix": null
          },
          "sensitive_attributes": []
        }
      ]
    }
  ],
  "check_results": null
}
